// !$*UTF8*$!
{
	archiveVersion = 1;
	classes = {
	};
	objectVersion = 50;
	objects = {

/* Begin PBXBuildFile section */
		C9132980262BD852003BB6BA /* AppDelegate.swift in Sources */ = {isa = PBXBuildFile; fileRef = C913297F262BD852003BB6BA /* AppDelegate.swift */; };
		C9132982262BD852003BB6BA /* SceneDelegate.swift in Sources */ = {isa = PBXBuildFile; fileRef = C9132981262BD852003BB6BA /* SceneDelegate.swift */; };
		C9132984262BD852003BB6BA /* ViewController.swift in Sources */ = {isa = PBXBuildFile; fileRef = C9132983262BD852003BB6BA /* ViewController.swift */; };
		C9132987262BD852003BB6BA /* Main.storyboard in Resources */ = {isa = PBXBuildFile; fileRef = C9132985262BD852003BB6BA /* Main.storyboard */; };
		C9132989262BD856003BB6BA /* Assets.xcassets in Resources */ = {isa = PBXBuildFile; fileRef = C9132988262BD856003BB6BA /* Assets.xcassets */; };
		C913298C262BD856003BB6BA /* LaunchScreen.storyboard in Resources */ = {isa = PBXBuildFile; fileRef = C913298A262BD856003BB6BA /* LaunchScreen.storyboard */; };
		C9132997262BD856003BB6BA /* ArtistSearchTests.swift in Sources */ = {isa = PBXBuildFile; fileRef = C9132996262BD856003BB6BA /* ArtistSearchTests.swift */; };
		C91329A2262BD856003BB6BA /* ArtistSearchUITests.swift in Sources */ = {isa = PBXBuildFile; fileRef = C91329A1262BD856003BB6BA /* ArtistSearchUITests.swift */; };
		C91329B7262BD8D9003BB6BA /* Artist.swift in Sources */ = {isa = PBXBuildFile; fileRef = C91329B6262BD8D9003BB6BA /* Artist.swift */; };
		C91329C9262BDBE2003BB6BA /* NetworkManager.swift in Sources */ = {isa = PBXBuildFile; fileRef = C91329C8262BDBE2003BB6BA /* NetworkManager.swift */; };
		C91329D7262BE0C4003BB6BA /* ArtistViewModel.swift in Sources */ = {isa = PBXBuildFile; fileRef = C91329D6262BE0C4003BB6BA /* ArtistViewModel.swift */; };
		C91329E5262BF17D003BB6BA /* API.swift in Sources */ = {isa = PBXBuildFile; fileRef = C91329E4262BF17D003BB6BA /* API.swift */; };
		C91329F0262C0861003BB6BA /* Response.swift in Sources */ = {isa = PBXBuildFile; fileRef = C91329EF262C0861003BB6BA /* Response.swift */; };
		C9132A13262C1946003BB6BA /* CollectionView.swift in Sources */ = {isa = PBXBuildFile; fileRef = C9132A12262C1946003BB6BA /* CollectionView.swift */; };
		C9132A19262C195E003BB6BA /* CollectionViewCell.swift in Sources */ = {isa = PBXBuildFile; fileRef = C9132A17262C195E003BB6BA /* CollectionViewCell.swift */; };
		C9132A1A262C195E003BB6BA /* CollectionViewCell.xib in Resources */ = {isa = PBXBuildFile; fileRef = C9132A18262C195E003BB6BA /* CollectionViewCell.xib */; };
		C9C20AE9262D67A000B21636 /* mockData.json in Resources */ = {isa = PBXBuildFile; fileRef = C9C20AE8262D67A000B21636 /* mockData.json */; };
/* End PBXBuildFile section */

/* Begin PBXContainerItemProxy section */
		C9132993262BD856003BB6BA /* PBXContainerItemProxy */ = {
			isa = PBXContainerItemProxy;
			containerPortal = C9132974262BD851003BB6BA /* Project object */;
			proxyType = 1;
			remoteGlobalIDString = C913297B262BD852003BB6BA;
			remoteInfo = ArtistSearch;
		};
		C913299E262BD856003BB6BA /* PBXContainerItemProxy */ = {
			isa = PBXContainerItemProxy;
			containerPortal = C9132974262BD851003BB6BA /* Project object */;
			proxyType = 1;
			remoteGlobalIDString = C913297B262BD852003BB6BA;
			remoteInfo = ArtistSearch;
		};
/* End PBXContainerItemProxy section */

/* Begin PBXFileReference section */
		C913297C262BD852003BB6BA /* ArtistSearch.app */ = {isa = PBXFileReference; explicitFileType = wrapper.application; includeInIndex = 0; path = ArtistSearch.app; sourceTree = BUILT_PRODUCTS_DIR; };
		C913297F262BD852003BB6BA /* AppDelegate.swift */ = {isa = PBXFileReference; lastKnownFileType = sourcecode.swift; path = AppDelegate.swift; sourceTree = "<group>"; };
		C9132981262BD852003BB6BA /* SceneDelegate.swift */ = {isa = PBXFileReference; lastKnownFileType = sourcecode.swift; path = SceneDelegate.swift; sourceTree = "<group>"; };
		C9132983262BD852003BB6BA /* ViewController.swift */ = {isa = PBXFileReference; lastKnownFileType = sourcecode.swift; path = ViewController.swift; sourceTree = "<group>"; };
		C9132986262BD852003BB6BA /* Base */ = {isa = PBXFileReference; lastKnownFileType = file.storyboard; name = Base; path = Base.lproj/Main.storyboard; sourceTree = "<group>"; };
		C9132988262BD856003BB6BA /* Assets.xcassets */ = {isa = PBXFileReference; lastKnownFileType = folder.assetcatalog; path = Assets.xcassets; sourceTree = "<group>"; };
		C913298B262BD856003BB6BA /* Base */ = {isa = PBXFileReference; lastKnownFileType = file.storyboard; name = Base; path = Base.lproj/LaunchScreen.storyboard; sourceTree = "<group>"; };
		C913298D262BD856003BB6BA /* Info.plist */ = {isa = PBXFileReference; lastKnownFileType = text.plist.xml; path = Info.plist; sourceTree = "<group>"; };
		C9132992262BD856003BB6BA /* ArtistSearchTests.xctest */ = {isa = PBXFileReference; explicitFileType = wrapper.cfbundle; includeInIndex = 0; path = ArtistSearchTests.xctest; sourceTree = BUILT_PRODUCTS_DIR; };
		C9132996262BD856003BB6BA /* ArtistSearchTests.swift */ = {isa = PBXFileReference; lastKnownFileType = sourcecode.swift; path = ArtistSearchTests.swift; sourceTree = "<group>"; };
		C9132998262BD856003BB6BA /* Info.plist */ = {isa = PBXFileReference; lastKnownFileType = text.plist.xml; path = Info.plist; sourceTree = "<group>"; };
		C913299D262BD856003BB6BA /* ArtistSearchUITests.xctest */ = {isa = PBXFileReference; explicitFileType = wrapper.cfbundle; includeInIndex = 0; path = ArtistSearchUITests.xctest; sourceTree = BUILT_PRODUCTS_DIR; };
		C91329A1262BD856003BB6BA /* ArtistSearchUITests.swift */ = {isa = PBXFileReference; lastKnownFileType = sourcecode.swift; path = ArtistSearchUITests.swift; sourceTree = "<group>"; };
		C91329A3262BD856003BB6BA /* Info.plist */ = {isa = PBXFileReference; lastKnownFileType = text.plist.xml; path = Info.plist; sourceTree = "<group>"; };
		C91329B6262BD8D9003BB6BA /* Artist.swift */ = {isa = PBXFileReference; lastKnownFileType = sourcecode.swift; path = Artist.swift; sourceTree = "<group>"; };
		C91329C8262BDBE2003BB6BA /* NetworkManager.swift */ = {isa = PBXFileReference; lastKnownFileType = sourcecode.swift; path = NetworkManager.swift; sourceTree = "<group>"; };
		C91329D6262BE0C4003BB6BA /* ArtistViewModel.swift */ = {isa = PBXFileReference; lastKnownFileType = sourcecode.swift; path = ArtistViewModel.swift; sourceTree = "<group>"; };
		C91329E4262BF17D003BB6BA /* API.swift */ = {isa = PBXFileReference; lastKnownFileType = sourcecode.swift; path = API.swift; sourceTree = "<group>"; };
		C91329EF262C0861003BB6BA /* Response.swift */ = {isa = PBXFileReference; lastKnownFileType = sourcecode.swift; path = Response.swift; sourceTree = "<group>"; };
		C9132A12262C1946003BB6BA /* CollectionView.swift */ = {isa = PBXFileReference; lastKnownFileType = sourcecode.swift; path = CollectionView.swift; sourceTree = "<group>"; };
		C9132A17262C195E003BB6BA /* CollectionViewCell.swift */ = {isa = PBXFileReference; lastKnownFileType = sourcecode.swift; path = CollectionViewCell.swift; sourceTree = "<group>"; };
		C9132A18262C195E003BB6BA /* CollectionViewCell.xib */ = {isa = PBXFileReference; lastKnownFileType = file.xib; path = CollectionViewCell.xib; sourceTree = "<group>"; };
		C9C20AE8262D67A000B21636 /* mockData.json */ = {isa = PBXFileReference; fileEncoding = 4; lastKnownFileType = text.json; path = mockData.json; sourceTree = "<group>"; };
/* End PBXFileReference section */

/* Begin PBXFrameworksBuildPhase section */
		C9132979262BD852003BB6BA /* Frameworks */ = {
			isa = PBXFrameworksBuildPhase;
			buildActionMask = 2147483647;
			files = (
			);
			runOnlyForDeploymentPostprocessing = 0;
		};
		C913298F262BD856003BB6BA /* Frameworks */ = {
			isa = PBXFrameworksBuildPhase;
			buildActionMask = 2147483647;
			files = (
			);
			runOnlyForDeploymentPostprocessing = 0;
		};
		C913299A262BD856003BB6BA /* Frameworks */ = {
			isa = PBXFrameworksBuildPhase;
			buildActionMask = 2147483647;
			files = (
			);
			runOnlyForDeploymentPostprocessing = 0;
		};
/* End PBXFrameworksBuildPhase section */

/* Begin PBXGroup section */
		C9132973262BD851003BB6BA = {
			isa = PBXGroup;
			children = (
				C913297E262BD852003BB6BA /* ArtistSearch */,
				C9132995262BD856003BB6BA /* ArtistSearchTests */,
				C91329A0262BD856003BB6BA /* ArtistSearchUITests */,
				C913297D262BD852003BB6BA /* Products */,
			);
			sourceTree = "<group>";
		};
		C913297D262BD852003BB6BA /* Products */ = {
			isa = PBXGroup;
			children = (
				C913297C262BD852003BB6BA /* ArtistSearch.app */,
				C9132992262BD856003BB6BA /* ArtistSearchTests.xctest */,
				C913299D262BD856003BB6BA /* ArtistSearchUITests.xctest */,
			);
			name = Products;
			sourceTree = "<group>";
		};
		C913297E262BD852003BB6BA /* ArtistSearch */ = {
			isa = PBXGroup;
			children = (
				C91329B5262BD884003BB6BA /* Networking */,
				C91329B2262BD86A003BB6BA /* Model */,
				C91329B4262BD87F003BB6BA /* View */,
				C91329B3262BD86E003BB6BA /* ViewModel */,
				C913297F262BD852003BB6BA /* AppDelegate.swift */,
				C9132981262BD852003BB6BA /* SceneDelegate.swift */,
				C9132983262BD852003BB6BA /* ViewController.swift */,
				C9132985262BD852003BB6BA /* Main.storyboard */,
				C9132988262BD856003BB6BA /* Assets.xcassets */,
				C913298A262BD856003BB6BA /* LaunchScreen.storyboard */,
				C913298D262BD856003BB6BA /* Info.plist */,
			);
			path = ArtistSearch;
			sourceTree = "<group>";
		};
		C9132995262BD856003BB6BA /* ArtistSearchTests */ = {
			isa = PBXGroup;
			children = (
				C9132996262BD856003BB6BA /* ArtistSearchTests.swift */,
				C9C20AE8262D67A000B21636 /* mockData.json */,
				C9132998262BD856003BB6BA /* Info.plist */,
			);
			path = ArtistSearchTests;
			sourceTree = "<group>";
		};
		C91329A0262BD856003BB6BA /* ArtistSearchUITests */ = {
			isa = PBXGroup;
			children = (
				C91329A1262BD856003BB6BA /* ArtistSearchUITests.swift */,
				C91329A3262BD856003BB6BA /* Info.plist */,
			);
			path = ArtistSearchUITests;
			sourceTree = "<group>";
		};
		C91329B2262BD86A003BB6BA /* Model */ = {
			isa = PBXGroup;
			children = (
				C91329EF262C0861003BB6BA /* Response.swift */,
				C91329B6262BD8D9003BB6BA /* Artist.swift */,
			);
			path = Model;
			sourceTree = "<group>";
		};
		C91329B3262BD86E003BB6BA /* ViewModel */ = {
			isa = PBXGroup;
			children = (
				C91329D6262BE0C4003BB6BA /* ArtistViewModel.swift */,
			);
			path = ViewModel;
			sourceTree = "<group>";
		};
		C91329B4262BD87F003BB6BA /* View */ = {
			isa = PBXGroup;
			children = (
				C9132A12262C1946003BB6BA /* CollectionView.swift */,
				C9132A17262C195E003BB6BA /* CollectionViewCell.swift */,
				C9132A18262C195E003BB6BA /* CollectionViewCell.xib */,
			);
			path = View;
			sourceTree = "<group>";
		};
		C91329B5262BD884003BB6BA /* Networking */ = {
			isa = PBXGroup;
			children = (
				C91329E4262BF17D003BB6BA /* API.swift */,
				C91329C8262BDBE2003BB6BA /* NetworkManager.swift */,
			);
			path = Networking;
			sourceTree = "<group>";
		};
/* End PBXGroup section */

/* Begin PBXNativeTarget section */
		C913297B262BD852003BB6BA /* ArtistSearch */ = {
			isa = PBXNativeTarget;
			buildConfigurationList = C91329A6262BD856003BB6BA /* Build configuration list for PBXNativeTarget "ArtistSearch" */;
			buildPhases = (
				C9132978262BD852003BB6BA /* Sources */,
				C9132979262BD852003BB6BA /* Frameworks */,
				C913297A262BD852003BB6BA /* Resources */,
			);
			buildRules = (
			);
			dependencies = (
			);
			name = ArtistSearch;
			productName = ArtistSearch;
			productReference = C913297C262BD852003BB6BA /* ArtistSearch.app */;
			productType = "com.apple.product-type.application";
		};
		C9132991262BD856003BB6BA /* ArtistSearchTests */ = {
			isa = PBXNativeTarget;
			buildConfigurationList = C91329A9262BD856003BB6BA /* Build configuration list for PBXNativeTarget "ArtistSearchTests" */;
			buildPhases = (
				C913298E262BD856003BB6BA /* Sources */,
				C913298F262BD856003BB6BA /* Frameworks */,
				C9132990262BD856003BB6BA /* Resources */,
			);
			buildRules = (
			);
			dependencies = (
				C9132994262BD856003BB6BA /* PBXTargetDependency */,
			);
			name = ArtistSearchTests;
			productName = ArtistSearchTests;
			productReference = C9132992262BD856003BB6BA /* ArtistSearchTests.xctest */;
			productType = "com.apple.product-type.bundle.unit-test";
		};
		C913299C262BD856003BB6BA /* ArtistSearchUITests */ = {
			isa = PBXNativeTarget;
			buildConfigurationList = C91329AC262BD856003BB6BA /* Build configuration list for PBXNativeTarget "ArtistSearchUITests" */;
			buildPhases = (
				C9132999262BD856003BB6BA /* Sources */,
				C913299A262BD856003BB6BA /* Frameworks */,
				C913299B262BD856003BB6BA /* Resources */,
			);
			buildRules = (
			);
			dependencies = (
				C913299F262BD856003BB6BA /* PBXTargetDependency */,
			);
			name = ArtistSearchUITests;
			productName = ArtistSearchUITests;
			productReference = C913299D262BD856003BB6BA /* ArtistSearchUITests.xctest */;
			productType = "com.apple.product-type.bundle.ui-testing";
		};
/* End PBXNativeTarget section */

/* Begin PBXProject section */
		C9132974262BD851003BB6BA /* Project object */ = {
			isa = PBXProject;
			attributes = {
				LastSwiftUpdateCheck = 1240;
				LastUpgradeCheck = 1240;
				TargetAttributes = {
					C913297B262BD852003BB6BA = {
						CreatedOnToolsVersion = 12.4;
					};
					C9132991262BD856003BB6BA = {
						CreatedOnToolsVersion = 12.4;
						TestTargetID = C913297B262BD852003BB6BA;
					};
					C913299C262BD856003BB6BA = {
						CreatedOnToolsVersion = 12.4;
						TestTargetID = C913297B262BD852003BB6BA;
					};
				};
			};
			buildConfigurationList = C9132977262BD851003BB6BA /* Build configuration list for PBXProject "ArtistSearch" */;
			compatibilityVersion = "Xcode 9.3";
			developmentRegion = en;
			hasScannedForEncodings = 0;
			knownRegions = (
				en,
				Base,
			);
			mainGroup = C9132973262BD851003BB6BA;
			productRefGroup = C913297D262BD852003BB6BA /* Products */;
			projectDirPath = "";
			projectRoot = "";
			targets = (
				C913297B262BD852003BB6BA /* ArtistSearch */,
				C9132991262BD856003BB6BA /* ArtistSearchTests */,
				C913299C262BD856003BB6BA /* ArtistSearchUITests */,
			);
		};
/* End PBXProject section */

/* Begin PBXResourcesBuildPhase section */
		C913297A262BD852003BB6BA /* Resources */ = {
			isa = PBXResourcesBuildPhase;
			buildActionMask = 2147483647;
			files = (
				C913298C262BD856003BB6BA /* LaunchScreen.storyboard in Resources */,
				C9132989262BD856003BB6BA /* Assets.xcassets in Resources */,
				C9132A1A262C195E003BB6BA /* CollectionViewCell.xib in Resources */,
				C9132987262BD852003BB6BA /* Main.storyboard in Resources */,
			);
			runOnlyForDeploymentPostprocessing = 0;
		};
		C9132990262BD856003BB6BA /* Resources */ = {
			isa = PBXResourcesBuildPhase;
			buildActionMask = 2147483647;
			files = (
				C9C20AE9262D67A000B21636 /* mockData.json in Resources */,
			);
			runOnlyForDeploymentPostprocessing = 0;
		};
		C913299B262BD856003BB6BA /* Resources */ = {
			isa = PBXResourcesBuildPhase;
			buildActionMask = 2147483647;
			files = (
			);
			runOnlyForDeploymentPostprocessing = 0;
		};
/* End PBXResourcesBuildPhase section */

/* Begin PBXSourcesBuildPhase section */
		C9132978262BD852003BB6BA /* Sources */ = {
			isa = PBXSourcesBuildPhase;
			buildActionMask = 2147483647;
			files = (
				C91329F0262C0861003BB6BA /* Response.swift in Sources */,
				C91329D7262BE0C4003BB6BA /* ArtistViewModel.swift in Sources */,
				C91329B7262BD8D9003BB6BA /* Artist.swift in Sources */,
				C9132984262BD852003BB6BA /* ViewController.swift in Sources */,
				C9132980262BD852003BB6BA /* AppDelegate.swift in Sources */,
				C9132A13262C1946003BB6BA /* CollectionView.swift in Sources */,
				C91329C9262BDBE2003BB6BA /* NetworkManager.swift in Sources */,
				C91329E5262BF17D003BB6BA /* API.swift in Sources */,
				C9132982262BD852003BB6BA /* SceneDelegate.swift in Sources */,
				C9132A19262C195E003BB6BA /* CollectionViewCell.swift in Sources */,
			);
			runOnlyForDeploymentPostprocessing = 0;
		};
		C913298E262BD856003BB6BA /* Sources */ = {
			isa = PBXSourcesBuildPhase;
			buildActionMask = 2147483647;
			files = (
				C9132997262BD856003BB6BA /* ArtistSearchTests.swift in Sources */,
			);
			runOnlyForDeploymentPostprocessing = 0;
		};
		C9132999262BD856003BB6BA /* Sources */ = {
			isa = PBXSourcesBuildPhase;
			buildActionMask = 2147483647;
			files = (
				C91329A2262BD856003BB6BA /* ArtistSearchUITests.swift in Sources */,
			);
			runOnlyForDeploymentPostprocessing = 0;
		};
/* End PBXSourcesBuildPhase section */

/* Begin PBXTargetDependency section */
		C9132994262BD856003BB6BA /* PBXTargetDependency */ = {
			isa = PBXTargetDependency;
			target = C913297B262BD852003BB6BA /* ArtistSearch */;
			targetProxy = C9132993262BD856003BB6BA /* PBXContainerItemProxy */;
		};
		C913299F262BD856003BB6BA /* PBXTargetDependency */ = {
			isa = PBXTargetDependency;
			target = C913297B262BD852003BB6BA /* ArtistSearch */;
			targetProxy = C913299E262BD856003BB6BA /* PBXContainerItemProxy */;
		};
/* End PBXTargetDependency section */

/* Begin PBXVariantGroup section */
		C9132985262BD852003BB6BA /* Main.storyboard */ = {
			isa = PBXVariantGroup;
			children = (
				C9132986262BD852003BB6BA /* Base */,
			);
			name = Main.storyboard;
			sourceTree = "<group>";
		};
		C913298A262BD856003BB6BA /* LaunchScreen.storyboard */ = {
			isa = PBXVariantGroup;
			children = (
				C913298B262BD856003BB6BA /* Base */,
			);
			name = LaunchScreen.storyboard;
			sourceTree = "<group>";
		};
/* End PBXVariantGroup section */

/* Begin XCBuildConfiguration section */
		C91329A4262BD856003BB6BA /* Debug */ = {
			isa = XCBuildConfiguration;
			buildSettings = {
				ALWAYS_SEARCH_USER_PATHS = NO;
				CLANG_ANALYZER_NONNULL = YES;
				CLANG_ANALYZER_NUMBER_OBJECT_CONVERSION = YES_AGGRESSIVE;
				CLANG_CXX_LANGUAGE_STANDARD = "gnu++14";
				CLANG_CXX_LIBRARY = "libc++";
				CLANG_ENABLE_MODULES = YES;
				CLANG_ENABLE_OBJC_ARC = YES;
				CLANG_ENABLE_OBJC_WEAK = YES;
				CLANG_WARN_BLOCK_CAPTURE_AUTORELEASING = YES;
				CLANG_WARN_BOOL_CONVERSION = YES;
				CLANG_WARN_COMMA = YES;
				CLANG_WARN_CONSTANT_CONVERSION = YES;
				CLANG_WARN_DEPRECATED_OBJC_IMPLEMENTATIONS = YES;
				CLANG_WARN_DIRECT_OBJC_ISA_USAGE = YES_ERROR;
				CLANG_WARN_DOCUMENTATION_COMMENTS = YES;
				CLANG_WARN_EMPTY_BODY = YES;
				CLANG_WARN_ENUM_CONVERSION = YES;
				CLANG_WARN_INFINITE_RECURSION = YES;
				CLANG_WARN_INT_CONVERSION = YES;
				CLANG_WARN_NON_LITERAL_NULL_CONVERSION = YES;
				CLANG_WARN_OBJC_IMPLICIT_RETAIN_SELF = YES;
				CLANG_WARN_OBJC_LITERAL_CONVERSION = YES;
				CLANG_WARN_OBJC_ROOT_CLASS = YES_ERROR;
				CLANG_WARN_QUOTED_INCLUDE_IN_FRAMEWORK_HEADER = YES;
				CLANG_WARN_RANGE_LOOP_ANALYSIS = YES;
				CLANG_WARN_STRICT_PROTOTYPES = YES;
				CLANG_WARN_SUSPICIOUS_MOVE = YES;
				CLANG_WARN_UNGUARDED_AVAILABILITY = YES_AGGRESSIVE;
				CLANG_WARN_UNREACHABLE_CODE = YES;
				CLANG_WARN__DUPLICATE_METHOD_MATCH = YES;
				COPY_PHASE_STRIP = NO;
				DEBUG_INFORMATION_FORMAT = dwarf;
				ENABLE_STRICT_OBJC_MSGSEND = YES;
				ENABLE_TESTABILITY = YES;
				GCC_C_LANGUAGE_STANDARD = gnu11;
				GCC_DYNAMIC_NO_PIC = NO;
				GCC_NO_COMMON_BLOCKS = YES;
				GCC_OPTIMIZATION_LEVEL = 0;
				GCC_PREPROCESSOR_DEFINITIONS = (
					"DEBUG=1",
					"$(inherited)",
				);
				GCC_WARN_64_TO_32_BIT_CONVERSION = YES;
				GCC_WARN_ABOUT_RETURN_TYPE = YES_ERROR;
				GCC_WARN_UNDECLARED_SELECTOR = YES;
				GCC_WARN_UNINITIALIZED_AUTOS = YES_AGGRESSIVE;
				GCC_WARN_UNUSED_FUNCTION = YES;
				GCC_WARN_UNUSED_VARIABLE = YES;
				IPHONEOS_DEPLOYMENT_TARGET = 14.4;
				MTL_ENABLE_DEBUG_INFO = INCLUDE_SOURCE;
				MTL_FAST_MATH = YES;
				ONLY_ACTIVE_ARCH = YES;
				SDKROOT = iphoneos;
				SWIFT_ACTIVE_COMPILATION_CONDITIONS = DEBUG;
				SWIFT_OPTIMIZATION_LEVEL = "-Onone";
			};
			name = Debug;
		};
		C91329A5262BD856003BB6BA /* Release */ = {
			isa = XCBuildConfiguration;
			buildSettings = {
				ALWAYS_SEARCH_USER_PATHS = NO;
				CLANG_ANALYZER_NONNULL = YES;
				CLANG_ANALYZER_NUMBER_OBJECT_CONVERSION = YES_AGGRESSIVE;
				CLANG_CXX_LANGUAGE_STANDARD = "gnu++14";
				CLANG_CXX_LIBRARY = "libc++";
				CLANG_ENABLE_MODULES = YES;
				CLANG_ENABLE_OBJC_ARC = YES;
				CLANG_ENABLE_OBJC_WEAK = YES;
				CLANG_WARN_BLOCK_CAPTURE_AUTORELEASING = YES;
				CLANG_WARN_BOOL_CONVERSION = YES;
				CLANG_WARN_COMMA = YES;
				CLANG_WARN_CONSTANT_CONVERSION = YES;
				CLANG_WARN_DEPRECATED_OBJC_IMPLEMENTATIONS = YES;
				CLANG_WARN_DIRECT_OBJC_ISA_USAGE = YES_ERROR;
				CLANG_WARN_DOCUMENTATION_COMMENTS = YES;
				CLANG_WARN_EMPTY_BODY = YES;
				CLANG_WARN_ENUM_CONVERSION = YES;
				CLANG_WARN_INFINITE_RECURSION = YES;
				CLANG_WARN_INT_CONVERSION = YES;
				CLANG_WARN_NON_LITERAL_NULL_CONVERSION = YES;
				CLANG_WARN_OBJC_IMPLICIT_RETAIN_SELF = YES;
				CLANG_WARN_OBJC_LITERAL_CONVERSION = YES;
				CLANG_WARN_OBJC_ROOT_CLASS = YES_ERROR;
				CLANG_WARN_QUOTED_INCLUDE_IN_FRAMEWORK_HEADER = YES;
				CLANG_WARN_RANGE_LOOP_ANALYSIS = YES;
				CLANG_WARN_STRICT_PROTOTYPES = YES;
				CLANG_WARN_SUSPICIOUS_MOVE = YES;
				CLANG_WARN_UNGUARDED_AVAILABILITY = YES_AGGRESSIVE;
				CLANG_WARN_UNREACHABLE_CODE = YES;
				CLANG_WARN__DUPLICATE_METHOD_MATCH = YES;
				COPY_PHASE_STRIP = NO;
				DEBUG_INFORMATION_FORMAT = "dwarf-with-dsym";
				ENABLE_NS_ASSERTIONS = NO;
				ENABLE_STRICT_OBJC_MSGSEND = YES;
				GCC_C_LANGUAGE_STANDARD = gnu11;
				GCC_NO_COMMON_BLOCKS = YES;
				GCC_WARN_64_TO_32_BIT_CONVERSION = YES;
				GCC_WARN_ABOUT_RETURN_TYPE = YES_ERROR;
				GCC_WARN_UNDECLARED_SELECTOR = YES;
				GCC_WARN_UNINITIALIZED_AUTOS = YES_AGGRESSIVE;
				GCC_WARN_UNUSED_FUNCTION = YES;
				GCC_WARN_UNUSED_VARIABLE = YES;
				IPHONEOS_DEPLOYMENT_TARGET = 14.4;
				MTL_ENABLE_DEBUG_INFO = NO;
				MTL_FAST_MATH = YES;
				SDKROOT = iphoneos;
				SWIFT_COMPILATION_MODE = wholemodule;
				SWIFT_OPTIMIZATION_LEVEL = "-O";
				VALIDATE_PRODUCT = YES;
			};
			name = Release;
		};
		C91329A7262BD856003BB6BA /* Debug */ = {
			isa = XCBuildConfiguration;
			buildSettings = {
				ASSETCATALOG_COMPILER_APPICON_NAME = AppIcon;
				ASSETCATALOG_COMPILER_GLOBAL_ACCENT_COLOR_NAME = AccentColor;
				CODE_SIGN_STYLE = Automatic;
				INFOPLIST_FILE = ArtistSearch/Info.plist;
				LD_RUNPATH_SEARCH_PATHS = (
					"$(inherited)",
					"@executable_path/Frameworks",
				);
				PRODUCT_BUNDLE_IDENTIFIER = Junior.ArtistSearch;
				PRODUCT_NAME = "$(TARGET_NAME)";
				SWIFT_VERSION = 5.0;
				TARGETED_DEVICE_FAMILY = "1,2";
			};
			name = Debug;
		};
		C91329A8262BD856003BB6BA /* Release */ = {
			isa = XCBuildConfiguration;
			buildSettings = {
				ASSETCATALOG_COMPILER_APPICON_NAME = AppIcon;
				ASSETCATALOG_COMPILER_GLOBAL_ACCENT_COLOR_NAME = AccentColor;
				CODE_SIGN_STYLE = Automatic;
				INFOPLIST_FILE = ArtistSearch/Info.plist;
				LD_RUNPATH_SEARCH_PATHS = (
					"$(inherited)",
					"@executable_path/Frameworks",
				);
				PRODUCT_BUNDLE_IDENTIFIER = Junior.ArtistSearch;
				PRODUCT_NAME = "$(TARGET_NAME)";
				SWIFT_VERSION = 5.0;
				TARGETED_DEVICE_FAMILY = "1,2";
			};
			name = Release;
		};
		C91329AA262BD856003BB6BA /* Debug */ = {
			isa = XCBuildConfiguration;
			buildSettings = {
				ALWAYS_EMBED_SWIFT_STANDARD_LIBRARIES = YES;
				BUNDLE_LOADER = "$(TEST_HOST)";
				CODE_SIGN_STYLE = Automatic;
				INFOPLIST_FILE = ArtistSearchTests/Info.plist;
				IPHONEOS_DEPLOYMENT_TARGET = 14.4;
				LD_RUNPATH_SEARCH_PATHS = (
					"$(inherited)",
					"@executable_path/Frameworks",
					"@loader_path/Frameworks",
				);
				PRODUCT_BUNDLE_IDENTIFIER = Junior.ArtistSearchTests;
				PRODUCT_NAME = "$(TARGET_NAME)";
				SWIFT_VERSION = 5.0;
				TARGETED_DEVICE_FAMILY = "1,2";
				TEST_HOST = "$(BUILT_PRODUCTS_DIR)/ArtistSearch.app/ArtistSearch";
			};
			name = Debug;
		};
		C91329AB262BD856003BB6BA /* Release */ = {
			isa = XCBuildConfiguration;
			buildSettings = {
				ALWAYS_EMBED_SWIFT_STANDARD_LIBRARIES = YES;
				BUNDLE_LOADER = "$(TEST_HOST)";
				CODE_SIGN_STYLE = Automatic;
				INFOPLIST_FILE = ArtistSearchTests/Info.plist;
				IPHONEOS_DEPLOYMENT_TARGET = 14.4;
				LD_RUNPATH_SEARCH_PATHS = (
					"$(inherited)",
					"@executable_path/Frameworks",
					"@loader_path/Frameworks",
				);
				PRODUCT_BUNDLE_IDENTIFIER = Junior.ArtistSearchTests;
				PRODUCT_NAME = "$(TARGET_NAME)";
				SWIFT_VERSION = 5.0;
				TARGETED_DEVICE_FAMILY = "1,2";
				TEST_HOST = "$(BUILT_PRODUCTS_DIR)/ArtistSearch.app/ArtistSearch";
			};
			name = Release;
		};
		C91329AD262BD856003BB6BA /* Debug */ = {
			isa = XCBuildConfiguration;
			buildSettings = {
				ALWAYS_EMBED_SWIFT_STANDARD_LIBRARIES = YES;
				CODE_SIGN_STYLE = Automatic;
				INFOPLIST_FILE = ArtistSearchUITests/Info.plist;
				LD_RUNPATH_SEARCH_PATHS = (
					"$(inherited)",
					"@executable_path/Frameworks",
					"@loader_path/Frameworks",
				);
				PRODUCT_BUNDLE_IDENTIFIER = Junior.ArtistSearchUITests;
				PRODUCT_NAME = "$(TARGET_NAME)";
				SWIFT_VERSION = 5.0;
				TARGETED_DEVICE_FAMILY = "1,2";
				TEST_TARGET_NAME = ArtistSearch;
			};
			name = Debug;
		};
		C91329AE262BD856003BB6BA /* Release */ = {
			isa = XCBuildConfiguration;
			buildSettings = {
				ALWAYS_EMBED_SWIFT_STANDARD_LIBRARIES = YES;
				CODE_SIGN_STYLE = Automatic;
				INFOPLIST_FILE = ArtistSearchUITests/Info.plist;
				LD_RUNPATH_SEARCH_PATHS = (
					"$(inherited)",
					"@executable_path/Frameworks",
					"@loader_path/Frameworks",
				);
				PRODUCT_BUNDLE_IDENTIFIER = Junior.ArtistSearchUITests;
				PRODUCT_NAME = "$(TARGET_NAME)";
				SWIFT_VERSION = 5.0;
				TARGETED_DEVICE_FAMILY = "1,2";
				TEST_TARGET_NAME = ArtistSearch;
			};
			name = Release;
		};
/* End XCBuildConfiguration section */

/* Begin XCConfigurationList section */
		C9132977262BD851003BB6BA /* Build configuration list for PBXProject "ArtistSearch" */ = {
			isa = XCConfigurationList;
			buildConfigurations = (
				C91329A4262BD856003BB6BA /* Debug */,
				C91329A5262BD856003BB6BA /* Release */,
			);
			defaultConfigurationIsVisible = 0;
			defaultConfigurationName = Release;
		};
		C91329A6262BD856003BB6BA /* Build configuration list for PBXNativeTarget "ArtistSearch" */ = {
			isa = XCConfigurationList;
			buildConfigurations = (
				C91329A7262BD856003BB6BA /* Debug */,
				C91329A8262BD856003BB6BA /* Release */,
			);
			defaultConfigurationIsVisible = 0;
			defaultConfigurationName = Release;
		};
		C91329A9262BD856003BB6BA /* Build configuration list for PBXNativeTarget "ArtistSearchTests" */ = {
			isa = XCConfigurationList;
			buildConfigurations = (
				C91329AA262BD856003BB6BA /* Debug */,
				C91329AB262BD856003BB6BA /* Release */,
			);
			defaultConfigurationIsVisible = 0;
			defaultConfigurationName = Release;
		};
		C91329AC262BD856003BB6BA /* Build configuration list for PBXNativeTarget "ArtistSearchUITests" */ = {
			isa = XCConfigurationList;
			buildConfigurations = (
				C91329AD262BD856003BB6BA /* Debug */,
				C91329AE262BD856003BB6BA /* Release */,
			);
			defaultConfigurationIsVisible = 0;
			defaultConfigurationName = Release;
		};
/* End XCConfigurationList section */
	};
	rootObject = C9132974262BD851003BB6BA /* Project object */;
}
